// !$*UTF8*$!
{
	archiveVersion = 1;
	classes = {
	};
	objectVersion = 48;
	objects = {

/* Begin PBXBuildFile section */
		AD54A8351F40BE9700B8AAC8 /* AppDelegate.swift in Sources */ = {isa = PBXBuildFile; fileRef = AD54A8341F40BE9700B8AAC8 /* AppDelegate.swift */; };
		AD54A8371F40BE9700B8AAC8 /* ViewController.swift in Sources */ = {isa = PBXBuildFile; fileRef = AD54A8361F40BE9700B8AAC8 /* ViewController.swift */; };
		AD54A83A1F40BE9700B8AAC8 /* Main.storyboard in Resources */ = {isa = PBXBuildFile; fileRef = AD54A8381F40BE9700B8AAC8 /* Main.storyboard */; };
		AD54A83C1F40BE9700B8AAC8 /* Assets.xcassets in Resources */ = {isa = PBXBuildFile; fileRef = AD54A83B1F40BE9700B8AAC8 /* Assets.xcassets */; };
		AD54A83F1F40BE9700B8AAC8 /* LaunchScreen.storyboard in Resources */ = {isa = PBXBuildFile; fileRef = AD54A83D1F40BE9700B8AAC8 /* LaunchScreen.storyboard */; };
/* End PBXBuildFile section */

/* Begin PBXFileReference section */
		AD54A8311F40BE9700B8AAC8 /* Coins.app */ = {isa = PBXFileReference; explicitFileType = wrapper.application; includeInIndex = 0; path = Coins.app; sourceTree = BUILT_PRODUCTS_DIR; };
		AD54A8341F40BE9700B8AAC8 /* AppDelegate.swift */ = {isa = PBXFileReference; lastKnownFileType = sourcecode.swift; path = AppDelegate.swift; sourceTree = "<group>"; };
		AD54A8361F40BE9700B8AAC8 /* ViewController.swift */ = {isa = PBXFileReference; lastKnownFileType = sourcecode.swift; path = ViewController.swift; sourceTree = "<group>"; };
		AD54A8391F40BE9700B8AAC8 /* Base */ = {isa = PBXFileReference; lastKnownFileType = file.storyboard; name = Base; path = Base.lproj/Main.storyboard; sourceTree = "<group>"; };
		AD54A83B1F40BE9700B8AAC8 /* Assets.xcassets */ = {isa = PBXFileReference; lastKnownFileType = folder.assetcatalog; path = Assets.xcassets; sourceTree = "<group>"; };
		AD54A83E1F40BE9700B8AAC8 /* Base */ = {isa = PBXFileReference; lastKnownFileType = file.storyboard; name = Base; path = Base.lproj/LaunchScreen.storyboard; sourceTree = "<group>"; };
		AD54A8401F40BE9700B8AAC8 /* Info.plist */ = {isa = PBXFileReference; lastKnownFileType = text.plist.xml; path = Info.plist; sourceTree = "<group>"; };
/* End PBXFileReference section */

/* Begin PBXFrameworksBuildPhase section */
		AD54A82E1F40BE9700B8AAC8 /* Frameworks */ = {
			isa = PBXFrameworksBuildPhase;
			buildActionMask = 2147483647;
			files = (
			);
			runOnlyForDeploymentPostprocessing = 0;
		};
/* End PBXFrameworksBuildPhase section */

/* Begin PBXGroup section */
		AD54A8281F40BE9700B8AAC8 = {
			isa = PBXGroup;
			children = (
				AD54A8331F40BE9700B8AAC8 /* Coins */,
				AD54A8321F40BE9700B8AAC8 /* Products */,
			);
			sourceTree = "<group>";
		};
		AD54A8321F40BE9700B8AAC8 /* Products */ = {
			isa = PBXGroup;
			children = (
				AD54A8311F40BE9700B8AAC8 /* Coins.app */,
			);
			name = Products;
			sourceTree = "<group>";
		};
		AD54A8331F40BE9700B8AAC8 /* Coins */ = {
			isa = PBXGroup;
			children = (
				AD54A8341F40BE9700B8AAC8 /* AppDelegate.swift */,
				AD54A8361F40BE9700B8AAC8 /* ViewController.swift */,
				AD54A8381F40BE9700B8AAC8 /* Main.storyboard */,
				AD54A83B1F40BE9700B8AAC8 /* Assets.xcassets */,
				AD54A83D1F40BE9700B8AAC8 /* LaunchScreen.storyboard */,
				AD54A8401F40BE9700B8AAC8 /* Info.plist */,
			);
			path = Coins;
			sourceTree = "<group>";
		};
/* End PBXGroup section */

/* Begin PBXNativeTarget section */
		AD54A8301F40BE9700B8AAC8 /* Coins */ = {
			isa = PBXNativeTarget;
			buildConfigurationList = AD54A8431F40BE9700B8AAC8 /* Build configuration list for PBXNativeTarget "Coins" */;
			buildPhases = (
				AD54A82D1F40BE9700B8AAC8 /* Sources */,
				AD54A82E1F40BE9700B8AAC8 /* Frameworks */,
				AD54A82F1F40BE9700B8AAC8 /* Resources */,
			);
			buildRules = (
			);
			dependencies = (
			);
			name = Coins;
			productName = Coins;
			productReference = AD54A8311F40BE9700B8AAC8 /* Coins.app */;
			productType = "com.apple.product-type.application";
		};
/* End PBXNativeTarget section */

/* Begin PBXProject section */
		AD54A8291F40BE9700B8AAC8 /* Project object */ = {
			isa = PBXProject;
			attributes = {
				LastSwiftUpdateCheck = 0900;
				LastUpgradeCheck = 0900;
				ORGANIZATIONNAME = "Vitaly Berg";
				TargetAttributes = {
					AD54A8301F40BE9700B8AAC8 = {
						CreatedOnToolsVersion = 9.0;
					};
				};
			};
			buildConfigurationList = AD54A82C1F40BE9700B8AAC8 /* Build configuration list for PBXProject "Coins" */;
			compatibilityVersion = "Xcode 8.0";
			developmentRegion = en;
			hasScannedForEncodings = 0;
			knownRegions = (
				en,
				Base,
			);
			mainGroup = AD54A8281F40BE9700B8AAC8;
			productRefGroup = AD54A8321F40BE9700B8AAC8 /* Products */;
			projectDirPath = "";
			projectRoot = "";
			targets = (
				AD54A8301F40BE9700B8AAC8 /* Coins */,
			);
		};
/* End PBXProject section */

/* Begin PBXResourcesBuildPhase section */
		AD54A82F1F40BE9700B8AAC8 /* Resources */ = {
			isa = PBXResourcesBuildPhase;
			buildActionMask = 2147483647;
			files = (
				AD54A83F1F40BE9700B8AAC8 /* LaunchScreen.storyboard in Resources */,
				AD54A83C1F40BE9700B8AAC8 /* Assets.xcassets in Resources */,
				AD54A83A1F40BE9700B8AAC8 /* Main.storyboard in Resources */,
			);
			runOnlyForDeploymentPostprocessing = 0;
		};
/* End PBXResourcesBuildPhase section */

/* Begin PBXSourcesBuildPhase section */
		AD54A82D1F40BE9700B8AAC8 /* Sources */ = {
			isa = PBXSourcesBuildPhase;
			buildActionMask = 2147483647;
			files = (
				AD54A8371F40BE9700B8AAC8 /* ViewController.swift in Sources */,
				AD54A8351F40BE9700B8AAC8 /* AppDelegate.swift in Sources */,
			);
			runOnlyForDeploymentPostprocessing = 0;
		};
/* End PBXSourcesBuildPhase section */

/* Begin PBXVariantGroup section */
		AD54A8381F40BE9700B8AAC8 /* Main.storyboard */ = {
			isa = PBXVariantGroup;
			children = (
				AD54A8391F40BE9700B8AAC8 /* Base */,
			);
			name = Main.storyboard;
			sourceTree = "<group>";
		};
		AD54A83D1F40BE9700B8AAC8 /* LaunchScreen.storyboard */ = {
			isa = PBXVariantGroup;
			children = (
				AD54A83E1F40BE9700B8AAC8 /* Base */,
			);
			name = LaunchScreen.storyboard;
			sourceTree = "<group>";
		};
/* End PBXVariantGroup section */

/* Begin XCBuildConfiguration section */
		AD54A8411F40BE9700B8AAC8 /* Debug */ = {
			isa = XCBuildConfiguration;
			buildSettings = {
				ALWAYS_SEARCH_USER_PATHS = NO;
				CLANG_ANALYZER_NONNULL = YES;
				CLANG_ANALYZER_NUMBER_OBJECT_CONVERSION = YES_AGGRESSIVE;
				CLANG_CXX_LANGUAGE_STANDARD = "gnu++14";
				CLANG_CXX_LIBRARY = "libc++";
				CLANG_ENABLE_MODULES = YES;
				CLANG_ENABLE_OBJC_ARC = YES;
				CLANG_WARN_BLOCK_CAPTURE_AUTORELEASING = YES;
				CLANG_WARN_BOOL_CONVERSION = YES;
				CLANG_WARN_COMMA = YES;
				CLANG_WARN_CONSTANT_CONVERSION = YES;
				CLANG_WARN_DIRECT_OBJC_ISA_USAGE = YES_ERROR;
				CLANG_WARN_DOCUMENTATION_COMMENTS = YES;
				CLANG_WARN_EMPTY_BODY = YES;
				CLANG_WARN_ENUM_CONVERSION = YES;
				CLANG_WARN_INFINITE_RECURSION = YES;
				CLANG_WARN_INT_CONVERSION = YES;
				CLANG_WARN_NON_LITERAL_NULL_CONVERSION = YES;
				CLANG_WARN_OBJC_LITERAL_CONVERSION = YES;
				CLANG_WARN_OBJC_ROOT_CLASS = YES_ERROR;
				CLANG_WARN_RANGE_LOOP_ANALYSIS = YES;
				CLANG_WARN_STRICT_PROTOTYPES = YES;
				CLANG_WARN_SUSPICIOUS_MOVE = YES;
				CLANG_WARN_UNGUARDED_AVAILABILITY = YES_AGGRESSIVE;
				CLANG_WARN_UNREACHABLE_CODE = YES;
				CLANG_WARN__DUPLICATE_METHOD_MATCH = YES;
				CODE_SIGN_IDENTITY = "iPhone Developer";
				COPY_PHASE_STRIP = NO;
				DEBUG_INFORMATION_FORMAT = dwarf;
				ENABLE_STRICT_OBJC_MSGSEND = YES;
				ENABLE_TESTABILITY = YES;
				GCC_C_LANGUAGE_STANDARD = gnu11;
				GCC_DYNAMIC_NO_PIC = NO;
				GCC_NO_COMMON_BLOCKS = YES;
				GCC_OPTIMIZATION_LEVEL = 0;
				GCC_PREPROCESSOR_DEFINITIONS = (
					"DEBUG=1",
					"$(inherited)",
				);
				GCC_WARN_64_TO_32_BIT_CONVERSION = YES;
				GCC_WARN_ABOUT_RETURN_TYPE = YES_ERROR;
				GCC_WARN_UNDECLARED_SELECTOR = YES;
				GCC_WARN_UNINITIALIZED_AUTOS = YES_AGGRESSIVE;
				GCC_WARN_UNUSED_FUNCTION = YES;
				GCC_WARN_UNUSED_VARIABLE = YES;
				IPHONEOS_DEPLOYMENT_TARGET = 11.0;
				MTL_ENABLE_DEBUG_INFO = YES;
				ONLY_ACTIVE_ARCH = YES;
				SDKROOT = iphoneos;
				SWIFT_ACTIVE_COMPILATION_CONDITIONS = DEBUG;
				SWIFT_OPTIMIZATION_LEVEL = "-Onone";
			};
			name = Debug;
		};
		AD54A8421F40BE9700B8AAC8 /* Release */ = {
			isa = XCBuildConfiguration;
			buildSettings = {
				ALWAYS_SEARCH_USER_PATHS = NO;
				CLANG_ANALYZER_NONNULL = YES;
				CLANG_ANALYZER_NUMBER_OBJECT_CONVERSION = YES_AGGRESSIVE;
				CLANG_CXX_LANGUAGE_STANDARD = "gnu++14";
				CLANG_CXX_LIBRARY = "libc++";
				CLANG_ENABLE_MODULES = YES;
				CLANG_ENABLE_OBJC_ARC = YES;
				CLANG_WARN_BLOCK_CAPTURE_AUTORELEASING = YES;
				CLANG_WARN_BOOL_CONVERSION = YES;
				CLANG_WARN_COMMA = YES;
				CLANG_WARN_CONSTANT_CONVERSION = YES;
				CLANG_WARN_DIRECT_OBJC_ISA_USAGE = YES_ERROR;
				CLANG_WARN_DOCUMENTATION_COMMENTS = YES;
				CLANG_WARN_EMPTY_BODY = YES;
				CLANG_WARN_ENUM_CONVERSION = YES;
				CLANG_WARN_INFINITE_RECURSION = YES;
				CLANG_WARN_INT_CONVERSION = YES;
				CLANG_WARN_NON_LITERAL_NULL_CONVERSION = YES;
				CLANG_WARN_OBJC_LITERAL_CONVERSION = YES;
				CLANG_WARN_OBJC_ROOT_CLASS = YES_ERROR;
				CLANG_WARN_RANGE_LOOP_ANALYSIS = YES;
				CLANG_WARN_STRICT_PROTOTYPES = YES;
				CLANG_WARN_SUSPICIOUS_MOVE = YES;
				CLANG_WARN_UNGUARDED_AVAILABILITY = YES_AGGRESSIVE;
				CLANG_WARN_UNREACHABLE_CODE = YES;
				CLANG_WARN__DUPLICATE_METHOD_MATCH = YES;
				CODE_SIGN_IDENTITY = "iPhone Developer";
				COPY_PHASE_STRIP = NO;
				DEBUG_INFORMATION_FORMAT = "dwarf-with-dsym";
				ENABLE_NS_ASSERTIONS = NO;
				ENABLE_STRICT_OBJC_MSGSEND = YES;
				GCC_C_LANGUAGE_STANDARD = gnu11;
				GCC_NO_COMMON_BLOCKS = YES;
				GCC_WARN_64_TO_32_BIT_CONVERSION = YES;
				GCC_WARN_ABOUT_RETURN_TYPE = YES_ERROR;
				GCC_WARN_UNDECLARED_SELECTOR = YES;
				GCC_WARN_UNINITIALIZED_AUTOS = YES_AGGRESSIVE;
				GCC_WARN_UNUSED_FUNCTION = YES;
				GCC_WARN_UNUSED_VARIABLE = YES;
				IPHONEOS_DEPLOYMENT_TARGET = 11.0;
				MTL_ENABLE_DEBUG_INFO = NO;
				SDKROOT = iphoneos;
				SWIFT_OPTIMIZATION_LEVEL = "-Owholemodule";
				VALIDATE_PRODUCT = YES;
			};
			name = Release;
		};
		AD54A8441F40BE9700B8AAC8 /* Debug */ = {
			isa = XCBuildConfiguration;
			buildSettings = {
				ASSETCATALOG_COMPILER_APPICON_NAME = AppIcon;
				DEVELOPMENT_TEAM = P8BYXEZ6KH;
				INFOPLIST_FILE = Coins/Info.plist;
				LD_RUNPATH_SEARCH_PATHS = "$(inherited) @executable_path/Frameworks";
				PRODUCT_BUNDLE_IDENTIFIER = sexy.bergusman.Coins;
				PRODUCT_NAME = "$(TARGET_NAME)";
				SWIFT_VERSION = 4.0;
				TARGETED_DEVICE_FAMILY = "1,2";
			};
			name = Debug;
		};
		AD54A8451F40BE9700B8AAC8 /* Release */ = {
			isa = XCBuildConfiguration;
			buildSettings = {
				ASSETCATALOG_COMPILER_APPICON_NAME = AppIcon;
				DEVELOPMENT_TEAM = P8BYXEZ6KH;
				INFOPLIST_FILE = Coins/Info.plist;
				LD_RUNPATH_SEARCH_PATHS = "$(inherited) @executable_path/Frameworks";
				PRODUCT_BUNDLE_IDENTIFIER = sexy.bergusman.Coins;
				PRODUCT_NAME = "$(TARGET_NAME)";
				SWIFT_VERSION = 4.0;
				TARGETED_DEVICE_FAMILY = "1,2";
			};
			name = Release;
		};
/* End XCBuildConfiguration section */

/* Begin XCConfigurationList section */
		AD54A82C1F40BE9700B8AAC8 /* Build configuration list for PBXProject "Coins" */ = {
			isa = XCConfigurationList;
			buildConfigurations = (
				AD54A8411F40BE9700B8AAC8 /* Debug */,
				AD54A8421F40BE9700B8AAC8 /* Release */,
			);
			defaultConfigurationIsVisible = 0;
			defaultConfigurationName = Release;
		};
		AD54A8431F40BE9700B8AAC8 /* Build configuration list for PBXNativeTarget "Coins" */ = {
			isa = XCConfigurationList;
			buildConfigurations = (
				AD54A8441F40BE9700B8AAC8 /* Debug */,
				AD54A8451F40BE9700B8AAC8 /* Release */,
			);
			defaultConfigurationIsVisible = 0;
			defaultConfigurationName = Release;
		};
/* End XCConfigurationList section */
	};
	rootObject = AD54A8291F40BE9700B8AAC8 /* Project object */;
}
